
Microsoft Visual Studio Solution File, Format Version 9.00
# Visual Studio 2005
Project("{8BC9CEB8-8B4A-11D0-8D11-00A0C91BC942}") = "Doom", "Doom.vcproj", "{205FF625-2E96-4BC8-A269-62530A7D1F24}"
EndProject
Project("{8BC9CEB8-8B4A-11D0-8D11-00A0C91BC942}") = "prboom_server", "prboom_server.vcproj", "{BA3D7F7F-EF41-4073-A251-39C0B6AD1F75}"
EndProject
Project("{2150E333-8FDC-42A3-9474-1A3956D46DE8}") = "pcre", "pcre", "{53556A2D-18F8-4D7B-98B3-E9438AEBB839}"
EndProject
Project("{8BC9CEB8-8B4A-11D0-8D11-00A0C91BC942}") = "pcreposix", "..\src\PCRELIB\VisualC8\pcreposix.vcproj", "{604FC63C-155E-4363-B359-B4CDAA7A6D66}"
EndProject
Project("{8BC9CEB8-8B4A-11D0-8D11-00A0C91BC942}") = "pcre", "..\src\PCRELIB\VisualC8\pcre.vcproj", "{5CD92330-F9E3-4B1F-A27C-6C467D41819C}"
EndProject
Project("{8BC9CEB8-8B4A-11D0-8D11-00A0C91BC942}") = "dftables", "..\src\PCRELIB\VisualC8\dftables.vcproj", "{12246416-5582-4A06-99C9-71185C51E5CC}"
EndProject
Global
	GlobalSection(SolutionConfigurationPlatforms) = preSolution
		Debug NOASM|Win32 = Debug NOASM|Win32
		Debug OpenGL NOASM|Win32 = Debug OpenGL NOASM|Win32
		Debug OpenGL|Win32 = Debug OpenGL|Win32
		Debug|Win32 = Debug|Win32
		Release NOASM|Win32 = Release NOASM|Win32
		Release OpenGL NOASM|Win32 = Release OpenGL NOASM|Win32
		Release OpenGL|Win32 = Release OpenGL|Win32
		Release|Win32 = Release|Win32
	EndGlobalSection
	GlobalSection(ProjectConfigurationPlatforms) = postSolution
		{205FF625-2E96-4BC8-A269-62530A7D1F24}.Debug NOASM|Win32.ActiveCfg = Debug NOASM|Win32
		{205FF625-2E96-4BC8-A269-62530A7D1F24}.Debug NOASM|Win32.Build.0 = Debug NOASM|Win32
		{205FF625-2E96-4BC8-A269-62530A7D1F24}.Debug OpenGL NOASM|Win32.ActiveCfg = Debug OpenGL NOASM|Win32
		{205FF625-2E96-4BC8-A269-62530A7D1F24}.Debug OpenGL NOASM|Win32.Build.0 = Debug OpenGL NOASM|Win32
		{205FF625-2E96-4BC8-A269-62530A7D1F24}.Debug OpenGL|Win32.ActiveCfg = Debug OpenGL|Win32
		{205FF625-2E96-4BC8-A269-62530A7D1F24}.Debug OpenGL|Win32.Build.0 = Debug OpenGL|Win32
		{205FF625-2E96-4BC8-A269-62530A7D1F24}.Debug|Win32.ActiveCfg = Debug|Win32
		{205FF625-2E96-4BC8-A269-62530A7D1F24}.Debug|Win32.Build.0 = Debug|Win32
		{205FF625-2E96-4BC8-A269-62530A7D1F24}.Release NOASM|Win32.ActiveCfg = Release NOASM|Win32
		{205FF625-2E96-4BC8-A269-62530A7D1F24}.Release NOASM|Win32.Build.0 = Release NOASM|Win32
		{205FF625-2E96-4BC8-A269-62530A7D1F24}.Release OpenGL NOASM|Win32.ActiveCfg = Release OpenGL NOASM|Win32
		{205FF625-2E96-4BC8-A269-62530A7D1F24}.Release OpenGL NOASM|Win32.Build.0 = Release OpenGL NOASM|Win32
		{205FF625-2E96-4BC8-A269-62530A7D1F24}.Release OpenGL|Win32.ActiveCfg = Release OpenGL|Win32
		{205FF625-2E96-4BC8-A269-62530A7D1F24}.Release OpenGL|Win32.Build.0 = Release OpenGL|Win32
		{205FF625-2E96-4BC8-A269-62530A7D1F24}.Release|Win32.ActiveCfg = Release|Win32
		{205FF625-2E96-4BC8-A269-62530A7D1F24}.Release|Win32.Build.0 = Release|Win32
		{BA3D7F7F-EF41-4073-A251-39C0B6AD1F75}.Debug NOASM|Win32.ActiveCfg = Debug|Win32
		{BA3D7F7F-EF41-4073-A251-39C0B6AD1F75}.Debug NOASM|Win32.Build.0 = Debug|Win32
		{BA3D7F7F-EF41-4073-A251-39C0B6AD1F75}.Debug OpenGL NOASM|Win32.ActiveCfg = Debug|Win32
		{BA3D7F7F-EF41-4073-A251-39C0B6AD1F75}.Debug OpenGL NOASM|Win32.Build.0 = Debug|Win32
		{BA3D7F7F-EF41-4073-A251-39C0B6AD1F75}.Debug OpenGL|Win32.ActiveCfg = Debug|Win32
		{BA3D7F7F-EF41-4073-A251-39C0B6AD1F75}.Debug OpenGL|Win32.Build.0 = Debug|Win32
		{BA3D7F7F-EF41-4073-A251-39C0B6AD1F75}.Debug|Win32.ActiveCfg = Debug|Win32
		{BA3D7F7F-EF41-4073-A251-39C0B6AD1F75}.Debug|Win32.Build.0 = Debug|Win32
		{BA3D7F7F-EF41-4073-A251-39C0B6AD1F75}.Release NOASM|Win32.ActiveCfg = Release|Win32
		{BA3D7F7F-EF41-4073-A251-39C0B6AD1F75}.Release NOASM|Win32.Build.0 = Release|Win32
		{BA3D7F7F-EF41-4073-A251-39C0B6AD1F75}.Release OpenGL NOASM|Win32.ActiveCfg = Release|Win32
		{BA3D7F7F-EF41-4073-A251-39C0B6AD1F75}.Release OpenGL NOASM|Win32.Build.0 = Release|Win32
		{BA3D7F7F-EF41-4073-A251-39C0B6AD1F75}.Release OpenGL|Win32.ActiveCfg = Release|Win32
		{BA3D7F7F-EF41-4073-A251-39C0B6AD1F75}.Release OpenGL|Win32.Build.0 = Release|Win32
		{BA3D7F7F-EF41-4073-A251-39C0B6AD1F75}.Release|Win32.ActiveCfg = Release|Win32
		{BA3D7F7F-EF41-4073-A251-39C0B6AD1F75}.Release|Win32.Build.0 = Release|Win32
		{604FC63C-155E-4363-B359-B4CDAA7A6D66}.Debug NOASM|Win32.ActiveCfg = Debug|Win32
		{604FC63C-155E-4363-B359-B4CDAA7A6D66}.Debug NOASM|Win32.Build.0 = Debug|Win32
		{604FC63C-155E-4363-B359-B4CDAA7A6D66}.Debug OpenGL NOASM|Win32.ActiveCfg = Debug|Win32
		{604FC63C-155E-4363-B359-B4CDAA7A6D66}.Debug OpenGL NOASM|Win32.Build.0 = Debug|Win32
		{604FC63C-155E-4363-B359-B4CDAA7A6D66}.Debug OpenGL|Win32.ActiveCfg = Debug|Win32
		{604FC63C-155E-4363-B359-B4CDAA7A6D66}.Debug OpenGL|Win32.Build.0 = Debug|Win32
		{604FC63C-155E-4363-B359-B4CDAA7A6D66}.Debug|Win32.ActiveCfg = Debug|Win32
		{604FC63C-155E-4363-B359-B4CDAA7A6D66}.Debug|Win32.Build.0 = Debug|Win32
		{604FC63C-155E-4363-B359-B4CDAA7A6D66}.Release NOASM|Win32.ActiveCfg = Release|Win32
		{604FC63C-155E-4363-B359-B4CDAA7A6D66}.Release NOASM|Win32.Build.0 = Release|Win32
		{604FC63C-155E-4363-B359-B4CDAA7A6D66}.Release OpenGL NOASM|Win32.ActiveCfg = Release|Win32
		{604FC63C-155E-4363-B359-B4CDAA7A6D66}.Release OpenGL NOASM|Win32.Build.0 = Release|Win32
		{604FC63C-155E-4363-B359-B4CDAA7A6D66}.Release OpenGL|Win32.ActiveCfg = Release|Win32
		{604FC63C-155E-4363-B359-B4CDAA7A6D66}.Release OpenGL|Win32.Build.0 = Release|Win32
		{604FC63C-155E-4363-B359-B4CDAA7A6D66}.Release|Win32.ActiveCfg = Release|Win32
		{604FC63C-155E-4363-B359-B4CDAA7A6D66}.Release|Win32.Build.0 = Release|Win32
		{5CD92330-F9E3-4B1F-A27C-6C467D41819C}.Debug NOASM|Win32.ActiveCfg = Debug|Win32
		{5CD92330-F9E3-4B1F-A27C-6C467D41819C}.Debug NOASM|Win32.Build.0 = Debug|Win32
		{5CD92330-F9E3-4B1F-A27C-6C467D41819C}.Debug OpenGL NOASM|Win32.ActiveCfg = Debug|Win32
		{5CD92330-F9E3-4B1F-A27C-6C467D41819C}.Debug OpenGL NOASM|Win32.Build.0 = Debug|Win32
		{5CD92330-F9E3-4B1F-A27C-6C467D41819C}.Debug OpenGL|Win32.ActiveCfg = Debug|Win32
		{5CD92330-F9E3-4B1F-A27C-6C467D41819C}.Debug OpenGL|Win32.Build.0 = Debug|Win32
		{5CD92330-F9E3-4B1F-A27C-6C467D41819C}.Debug|Win32.ActiveCfg = Debug|Win32
		{5CD92330-F9E3-4B1F-A27C-6C467D41819C}.Debug|Win32.Build.0 = Debug|Win32
		{5CD92330-F9E3-4B1F-A27C-6C467D41819C}.Release NOASM|Win32.ActiveCfg = Release|Win32
		{5CD92330-F9E3-4B1F-A27C-6C467D41819C}.Release NOASM|Win32.Build.0 = Release|Win32
		{5CD92330-F9E3-4B1F-A27C-6C467D41819C}.Release OpenGL NOASM|Win32.ActiveCfg = Release|Win32
		{5CD92330-F9E3-4B1F-A27C-6C467D41819C}.Release OpenGL NOASM|Win32.Build.0 = Release|Win32
		{5CD92330-F9E3-4B1F-A27C-6C467D41819C}.Release OpenGL|Win32.ActiveCfg = Release|Win32
		{5CD92330-F9E3-4B1F-A27C-6C467D41819C}.Release OpenGL|Win32.Build.0 = Release|Win32
		{5CD92330-F9E3-4B1F-A27C-6C467D41819C}.Release|Win32.ActiveCfg = Release|Win32
		{5CD92330-F9E3-4B1F-A27C-6C467D41819C}.Release|Win32.Build.0 = Release|Win32
		{12246416-5582-4A06-99C9-71185C51E5CC}.Debug NOASM|Win32.ActiveCfg = Debug|Win32
		{12246416-5582-4A06-99C9-71185C51E5CC}.Debug NOASM|Win32.Build.0 = Debug|Win32
		{12246416-5582-4A06-99C9-71185C51E5CC}.Debug OpenGL NOASM|Win32.ActiveCfg = Debug|Win32
		{12246416-5582-4A06-99C9-71185C51E5CC}.Debug OpenGL NOASM|Win32.Build.0 = Debug|Win32
		{12246416-5582-4A06-99C9-71185C51E5CC}.Debug OpenGL|Win32.ActiveCfg = Debug|Win32
		{12246416-5582-4A06-99C9-71185C51E5CC}.Debug OpenGL|Win32.Build.0 = Debug|Win32
		{12246416-5582-4A06-99C9-71185C51E5CC}.Debug|Win32.ActiveCfg = Debug|Win32
		{12246416-5582-4A06-99C9-71185C51E5CC}.Debug|Win32.Build.0 = Debug|Win32
		{12246416-5582-4A06-99C9-71185C51E5CC}.Release NOASM|Win32.ActiveCfg = Release|Win32
		{12246416-5582-4A06-99C9-71185C51E5CC}.Release NOASM|Win32.Build.0 = Release|Win32
		{12246416-5582-4A06-99C9-71185C51E5CC}.Release OpenGL NOASM|Win32.ActiveCfg = Release|Win32
		{12246416-5582-4A06-99C9-71185C51E5CC}.Release OpenGL NOASM|Win32.Build.0 = Release|Win32
		{12246416-5582-4A06-99C9-71185C51E5CC}.Release OpenGL|Win32.ActiveCfg = Release|Win32
		{12246416-5582-4A06-99C9-71185C51E5CC}.Release OpenGL|Win32.Build.0 = Release|Win32
		{12246416-5582-4A06-99C9-71185C51E5CC}.Release|Win32.ActiveCfg = Release|Win32
		{12246416-5582-4A06-99C9-71185C51E5CC}.Release|Win32.Build.0 = Release|Win32
	EndGlobalSection
	GlobalSection(SolutionProperties) = preSolution
		HideSolutionNode = FALSE
	EndGlobalSection
	GlobalSection(NestedProjects) = preSolution
		{604FC63C-155E-4363-B359-B4CDAA7A6D66} = {53556A2D-18F8-4D7B-98B3-E9438AEBB839}
		{5CD92330-F9E3-4B1F-A27C-6C467D41819C} = {53556A2D-18F8-4D7B-98B3-E9438AEBB839}
		{12246416-5582-4A06-99C9-71185C51E5CC} = {53556A2D-18F8-4D7B-98B3-E9438AEBB839}
	EndGlobalSection
EndGlobal
