<?xml version="1.0" encoding="utf-8"?>
<Project ToolsVersion="4.0" xmlns="http://schemas.microsoft.com/developer/msbuild/2003">
  <ItemGroup>
    <Filter Include="Source Files">
      <UniqueIdentifier>{2ced368b-6796-4992-9096-45d554d744aa}</UniqueIdentifier>
    </Filter>
    <Filter Include="OpenGL Source Files">
      <UniqueIdentifier>{4ceb1bfa-f9c0-4cef-870e-1256bd89b974}</UniqueIdentifier>
    </Filter>
    <Filter Include="Resource Files">
      <UniqueIdentifier>{aa391fd0-609c-4ba9-8d1d-9cd9907a67cc}</UniqueIdentifier>
    </Filter>
    <Filter Include="PCSound Source Files">
      <UniqueIdentifier>{ecdf9817-d4ed-4f29-bee2-b7f14ce19423}</UniqueIdentifier>
    </Filter>
    <Filter Include="TextScreen Source Files">
      <UniqueIdentifier>{ee91a6f6-4b17-4a85-8fe2-8c6d7858ee72}</UniqueIdentifier>
    </Filter>
    <Filter Include="Music">
      <UniqueIdentifier>{60ab429f-ffdd-4f2d-a6c7-b8a1797c6c2d}</UniqueIdentifier>
    </Filter>
  </ItemGroup>
  <ItemGroup>
    <ClCompile Include="..\src\am_map.c">
      <Filter>Source Files</Filter>
    </ClCompile>
    <ClCompile Include="..\src\d_client.c">
      <Filter>Source Files</Filter>
    </ClCompile>
    <ClCompile Include="..\src\d_deh.c">
      <Filter>Source Files</Filter>
    </ClCompile>
    <ClCompile Include="..\src\d_items.c">
      <Filter>Source Files</Filter>
    </ClCompile>
    <ClCompile Include="..\src\d_main.c">
      <Filter>Source Files</Filter>
    </ClCompile>
    <ClCompile Include="..\src\doomdef.c">
      <Filter>Source Files</Filter>
    </ClCompile>
    <ClCompile Include="..\src\doomstat.c">
      <Filter>Source Files</Filter>
    </ClCompile>
    <ClCompile Include="..\src\dstrings.c">
      <Filter>Source Files</Filter>
    </ClCompile>
    <ClCompile Include="..\src\e6y.c">
      <Filter>Source Files</Filter>
    </ClCompile>
    <ClCompile Include="..\src\e6y_launcher.c">
      <Filter>Source Files</Filter>
    </ClCompile>
    <ClCompile Include="..\src\f_finale.c">
      <Filter>Source Files</Filter>
    </ClCompile>
    <ClCompile Include="..\src\f_wipe.c">
      <Filter>Source Files</Filter>
    </ClCompile>
    <ClCompile Include="..\src\g_game.c">
      <Filter>Source Files</Filter>
    </ClCompile>
    <ClCompile Include="..\src\g_overflow.c">
      <Filter>Source Files</Filter>
    </ClCompile>
    <ClCompile Include="..\src\hu_lib.c">
      <Filter>Source Files</Filter>
    </ClCompile>
    <ClCompile Include="..\src\hu_stuff.c">
      <Filter>Source Files</Filter>
    </ClCompile>
    <ClCompile Include="..\src\hu_tracers.c">
      <Filter>Source Files</Filter>
    </ClCompile>
    <ClCompile Include="..\src\i_capture.c">
      <Filter>Source Files</Filter>
    </ClCompile>
    <ClCompile Include="..\src\SDL\i_joy.c">
      <Filter>Source Files</Filter>
    </ClCompile>
    <ClCompile Include="..\src\SDL\i_main.c">
      <Filter>Source Files</Filter>
    </ClCompile>
    <ClCompile Include="..\src\SDL\i_network.c">
      <Filter>Source Files</Filter>
    </ClCompile>
    <ClCompile Include="..\src\i_pcsound.c">
      <Filter>Source Files</Filter>
    </ClCompile>
    <ClCompile Include="..\src\SDL\i_sound.c">
      <Filter>Source Files</Filter>
    </ClCompile>
    <ClCompile Include="..\src\SDL\i_sshot.c">
      <Filter>Source Files</Filter>
    </ClCompile>
    <ClCompile Include="..\src\SDL\i_system.c">
      <Filter>Source Files</Filter>
    </ClCompile>
    <ClCompile Include="..\src\SDL\i_video.c">
      <Filter>Source Files</Filter>
    </ClCompile>
    <ClCompile Include="..\src\icon.c">
      <Filter>Source Files</Filter>
    </ClCompile>
    <ClCompile Include="..\src\info.c">
      <Filter>Source Files</Filter>
    </ClCompile>
    <ClCompile Include="..\src\lprintf.c">
      <Filter>Source Files</Filter>
    </ClCompile>
    <ClCompile Include="..\src\m_argv.c">
      <Filter>Source Files</Filter>
    </ClCompile>
    <ClCompile Include="..\src\m_bbox.c">
      <Filter>Source Files</Filter>
    </ClCompile>
    <ClCompile Include="..\src\m_cheat.c">
      <Filter>Source Files</Filter>
    </ClCompile>
    <ClCompile Include="..\src\m_menu.c">
      <Filter>Source Files</Filter>
    </ClCompile>
    <ClCompile Include="..\src\m_misc.c">
      <Filter>Source Files</Filter>
    </ClCompile>
    <ClCompile Include="..\src\m_random.c">
      <Filter>Source Files</Filter>
    </ClCompile>
    <ClCompile Include="..\src\md5.c">
      <Filter>Source Files</Filter>
    </ClCompile>
    <ClCompile Include="..\src\memio.c">
      <Filter>Source Files</Filter>
    </ClCompile>
    <ClCompile Include="..\src\mus2mid.c">
      <Filter>Source Files</Filter>
    </ClCompile>
    <ClCompile Include="..\src\p_ceilng.c">
      <Filter>Source Files</Filter>
    </ClCompile>
    <ClCompile Include="..\src\p_checksum.c">
      <Filter>Source Files</Filter>
    </ClCompile>
    <ClCompile Include="..\src\p_doors.c">
      <Filter>Source Files</Filter>
    </ClCompile>
    <ClCompile Include="..\src\p_enemy.c">
      <Filter>Source Files</Filter>
    </ClCompile>
    <ClCompile Include="..\src\p_floor.c">
      <Filter>Source Files</Filter>
    </ClCompile>
    <ClCompile Include="..\src\p_genlin.c">
      <Filter>Source Files</Filter>
    </ClCompile>
    <ClCompile Include="..\src\p_inter.c">
      <Filter>Source Files</Filter>
    </ClCompile>
    <ClCompile Include="..\src\p_lights.c">
      <Filter>Source Files</Filter>
    </ClCompile>
    <ClCompile Include="..\src\p_map.c">
      <Filter>Source Files</Filter>
    </ClCompile>
    <ClCompile Include="..\src\p_maputl.c">
      <Filter>Source Files</Filter>
    </ClCompile>
    <ClCompile Include="..\src\p_mobj.c">
      <Filter>Source Files</Filter>
    </ClCompile>
    <ClCompile Include="..\src\p_plats.c">
      <Filter>Source Files</Filter>
    </ClCompile>
    <ClCompile Include="..\src\p_pspr.c">
      <Filter>Source Files</Filter>
    </ClCompile>
    <ClCompile Include="..\src\p_saveg.c">
      <Filter>Source Files</Filter>
    </ClCompile>
    <ClCompile Include="..\src\p_setup.c">
      <Filter>Source Files</Filter>
    </ClCompile>
    <ClCompile Include="..\src\p_sight.c">
      <Filter>Source Files</Filter>
    </ClCompile>
    <ClCompile Include="..\src\p_spec.c">
      <Filter>Source Files</Filter>
    </ClCompile>
    <ClCompile Include="..\src\p_switch.c">
      <Filter>Source Files</Filter>
    </ClCompile>
    <ClCompile Include="..\src\p_telept.c">
      <Filter>Source Files</Filter>
    </ClCompile>
    <ClCompile Include="..\src\p_tick.c">
      <Filter>Source Files</Filter>
    </ClCompile>
    <ClCompile Include="..\src\p_user.c">
      <Filter>Source Files</Filter>
    </ClCompile>
    <ClCompile Include="..\src\r_bsp.c">
      <Filter>Source Files</Filter>
    </ClCompile>
    <ClCompile Include="..\src\r_data.c">
      <Filter>Source Files</Filter>
    </ClCompile>
    <ClCompile Include="..\src\r_demo.c">
      <Filter>Source Files</Filter>
    </ClCompile>
    <ClCompile Include="..\src\r_draw.c">
      <Filter>Source Files</Filter>
    </ClCompile>
    <ClCompile Include="..\src\r_filter.c">
      <Filter>Source Files</Filter>
    </ClCompile>
    <ClCompile Include="..\src\r_fps.c">
      <Filter>Source Files</Filter>
    </ClCompile>
    <ClCompile Include="..\src\r_main.c">
      <Filter>Source Files</Filter>
    </ClCompile>
    <ClCompile Include="..\src\r_patch.c">
      <Filter>Source Files</Filter>
    </ClCompile>
    <ClCompile Include="..\src\r_plane.c">
      <Filter>Source Files</Filter>
    </ClCompile>
    <ClCompile Include="..\src\r_segs.c">
      <Filter>Source Files</Filter>
    </ClCompile>
    <ClCompile Include="..\src\r_sky.c">
      <Filter>Source Files</Filter>
    </ClCompile>
    <ClCompile Include="..\src\r_things.c">
      <Filter>Source Files</Filter>
    </ClCompile>
    <ClCompile Include="..\src\s_advsound.c">
      <Filter>Source Files</Filter>
    </ClCompile>
    <ClCompile Include="..\src\s_sound.c">
      <Filter>Source Files</Filter>
    </ClCompile>
    <ClCompile Include="..\src\sc_man.c">
      <Filter>Source Files</Filter>
    </ClCompile>
    <ClCompile Include="..\src\sounds.c">
      <Filter>Source Files</Filter>
    </ClCompile>
    <ClCompile Include="..\src\st_lib.c">
      <Filter>Source Files</Filter>
    </ClCompile>
    <ClCompile Include="..\src\st_stuff.c">
      <Filter>Source Files</Filter>
    </ClCompile>
    <ClCompile Include="..\src\tables.c">
      <Filter>Source Files</Filter>
    </ClCompile>
    <ClCompile Include="..\src\v_video.c">
      <Filter>Source Files</Filter>
    </ClCompile>
    <ClCompile Include="..\src\version.c">
      <Filter>Source Files</Filter>
    </ClCompile>
    <ClCompile Include="..\src\w_mmap.c">
      <Filter>Source Files</Filter>
    </ClCompile>
    <ClCompile Include="..\src\w_wad.c">
      <Filter>Source Files</Filter>
    </ClCompile>
    <ClCompile Include="..\src\wi_stuff.c">
      <Filter>Source Files</Filter>
    </ClCompile>
    <ClCompile Include="..\src\z_bmalloc.c">
      <Filter>Source Files</Filter>
    </ClCompile>
    <ClCompile Include="..\src\z_zone.c">
      <Filter>Source Files</Filter>
    </ClCompile>
    <ClCompile Include="..\src\gl_clipper.c">
      <Filter>OpenGL Source Files</Filter>
    </ClCompile>
    <ClCompile Include="..\src\gl_detail.c">
      <Filter>OpenGL Source Files</Filter>
    </ClCompile>
    <ClCompile Include="..\src\gl_drawinfo.c">
      <Filter>OpenGL Source Files</Filter>
    </ClCompile>
    <ClCompile Include="..\src\gl_fbo.c">
      <Filter>OpenGL Source Files</Filter>
    </ClCompile>
    <ClCompile Include="..\src\gl_gamma.c">
      <Filter>OpenGL Source Files</Filter>
    </ClCompile>
    <ClCompile Include="..\src\gl_hires.c">
      <Filter>OpenGL Source Files</Filter>
    </ClCompile>
    <ClCompile Include="..\src\gl_hqresize.c">
      <Filter>OpenGL Source Files</Filter>
    </ClCompile>
    <ClCompile Include="..\src\gl_light.c">
      <Filter>OpenGL Source Files</Filter>
    </ClCompile>
    <ClCompile Include="..\src\gl_main.c">
      <Filter>OpenGL Source Files</Filter>
    </ClCompile>
    <ClCompile Include="..\src\gl_map.c">
      <Filter>OpenGL Source Files</Filter>
    </ClCompile>
    <ClCompile Include="..\src\gl_missingtexture.c">
      <Filter>OpenGL Source Files</Filter>
    </ClCompile>
    <ClCompile Include="..\src\gl_opengl.c">
      <Filter>OpenGL Source Files</Filter>
    </ClCompile>
    <ClCompile Include="..\src\gl_preprocess.c">
      <Filter>OpenGL Source Files</Filter>
    </ClCompile>
    <ClCompile Include="..\src\gl_shader.c">
      <Filter>OpenGL Source Files</Filter>
    </ClCompile>
    <ClCompile Include="..\src\gl_shadow.c">
      <Filter>OpenGL Source Files</Filter>
    </ClCompile>
    <ClCompile Include="..\src\gl_sky.c">
      <Filter>OpenGL Source Files</Filter>
    </ClCompile>
    <ClCompile Include="..\src\gl_texture.c">
      <Filter>OpenGL Source Files</Filter>
    </ClCompile>
    <ClCompile Include="..\src\gl_vertex.c">
      <Filter>OpenGL Source Files</Filter>
    </ClCompile>
    <ClCompile Include="..\src\gl_wipe.c">
      <Filter>OpenGL Source Files</Filter>
    </ClCompile>
    <ClCompile Include="..\src\pcsound\pcsound.c">
      <Filter>PCSound Source Files</Filter>
    </ClCompile>
    <ClCompile Include="..\src\pcsound\pcsound_linux.c">
      <Filter>PCSound Source Files</Filter>
    </ClCompile>
    <ClCompile Include="..\src\pcsound\pcsound_sdl.c">
      <Filter>PCSound Source Files</Filter>
    </ClCompile>
    <ClCompile Include="..\src\pcsound\pcsound_win32.c">
      <Filter>PCSound Source Files</Filter>
    </ClCompile>
    <ClCompile Include="..\src\TEXTSCREEN\txt_sdl.c">
      <Filter>TextScreen Source Files</Filter>
    </ClCompile>
    <ClCompile Include="..\src\MUSIC\dbopl.c">
      <Filter>Music</Filter>
    </ClCompile>
    <ClCompile Include="..\src\MUSIC\dumbplayer.c">
      <Filter>Music</Filter>
    </ClCompile>
    <ClCompile Include="..\src\MUSIC\flplayer.c">
      <Filter>Music</Filter>
    </ClCompile>
    <ClCompile Include="..\src\MUSIC\madplayer.c">
      <Filter>Music</Filter>
    </ClCompile>
    <ClCompile Include="..\src\MUSIC\midifile.c">
      <Filter>Music</Filter>
    </ClCompile>
    <ClCompile Include="..\src\MUSIC\opl.c">
      <Filter>Music</Filter>
    </ClCompile>
    <ClCompile Include="..\src\MUSIC\opl_queue.c">
      <Filter>Music</Filter>
    </ClCompile>
    <ClCompile Include="..\src\MUSIC\oplplayer.c">
      <Filter>Music</Filter>
    </ClCompile>
    <ClCompile Include="..\src\MUSIC\portmidiplayer.c">
      <Filter>Music</Filter>
    </ClCompile>
    <ClCompile Include="..\src\MUSIC\vorbisplayer.c">
      <Filter>Music</Filter>
    </ClCompile>
    <ClCompile Include="..\src\SDL\SDL_windows_main.c" />
    <ClCompile Include="..\src\umapinfo.c">
      <Filter>Source Files</Filter>
    </ClCompile>
    <ClCompile Include="..\src\f_finale2.c">
      <Filter>Source Files</Filter>
    </ClCompile>
  </ItemGroup>
  <ItemGroup>
    <ClInclude Include="..\src\am_map.h">
      <Filter>Source Files</Filter>
    </ClInclude>
    <ClInclude Include="config.h">
      <Filter>Source Files</Filter>
    </ClInclude>
    <ClInclude Include="..\src\d_deh.h">
      <Filter>Source Files</Filter>
    </ClInclude>
    <ClInclude Include="..\src\d_englsh.h">
      <Filter>Source Files</Filter>
    </ClInclude>
    <ClInclude Include="..\src\d_event.h">
      <Filter>Source Files</Filter>
    </ClInclude>
    <ClInclude Include="..\src\d_items.h">
      <Filter>Source Files</Filter>
    </ClInclude>
    <ClInclude Include="..\src\d_main.h">
      <Filter>Source Files</Filter>
    </ClInclude>
    <ClInclude Include="..\src\d_net.h">
      <Filter>Source Files</Filter>
    </ClInclude>
    <ClInclude Include="..\src\d_player.h">
      <Filter>Source Files</Filter>
    </ClInclude>
    <ClInclude Include="..\src\d_think.h">
      <Filter>Source Files</Filter>
    </ClInclude>
    <ClInclude Include="..\src\d_ticcmd.h">
      <Filter>Source Files</Filter>
    </ClInclude>
    <ClInclude Include="..\src\doomdata.h">
      <Filter>Source Files</Filter>
    </ClInclude>
    <ClInclude Include="..\src\doomdef.h">
      <Filter>Source Files</Filter>
    </ClInclude>
    <ClInclude Include="..\src\doomstat.h">
      <Filter>Source Files</Filter>
    </ClInclude>
    <ClInclude Include="..\src\doomtype.h">
      <Filter>Source Files</Filter>
    </ClInclude>
    <ClInclude Include="..\src\drawasm.h">
      <Filter>Source Files</Filter>
    </ClInclude>
    <ClInclude Include="..\src\dstrings.h">
      <Filter>Source Files</Filter>
    </ClInclude>
    <ClInclude Include="..\src\e6y.h">
      <Filter>Source Files</Filter>
    </ClInclude>
    <ClInclude Include="..\src\e6y_launcher.h">
      <Filter>Source Files</Filter>
    </ClInclude>
    <ClInclude Include="..\src\f_finale.h">
      <Filter>Source Files</Filter>
    </ClInclude>
    <ClInclude Include="..\src\g_game.h">
      <Filter>Source Files</Filter>
    </ClInclude>
    <ClInclude Include="..\src\g_overflow.h">
      <Filter>Source Files</Filter>
    </ClInclude>
    <ClInclude Include="..\src\hu_lib.h">
      <Filter>Source Files</Filter>
    </ClInclude>
    <ClInclude Include="..\src\hu_stuff.h">
      <Filter>Source Files</Filter>
    </ClInclude>
    <ClInclude Include="..\src\hu_tracers.h">
      <Filter>Source Files</Filter>
    </ClInclude>
    <ClInclude Include="..\src\i_capture.h">
      <Filter>Source Files</Filter>
    </ClInclude>
    <ClInclude Include="..\src\i_joy.h">
      <Filter>Source Files</Filter>
    </ClInclude>
    <ClInclude Include="..\src\i_main.h">
      <Filter>Source Files</Filter>
    </ClInclude>
    <ClInclude Include="..\src\i_network.h">
      <Filter>Source Files</Filter>
    </ClInclude>
    <ClInclude Include="..\src\i_pcsound.h">
      <Filter>Source Files</Filter>
    </ClInclude>
    <ClInclude Include="..\src\i_sound.h">
      <Filter>Source Files</Filter>
    </ClInclude>
    <ClInclude Include="..\src\i_system.h">
      <Filter>Source Files</Filter>
    </ClInclude>
    <ClInclude Include="..\src\i_video.h">
      <Filter>Source Files</Filter>
    </ClInclude>
    <ClInclude Include="..\src\info.h">
      <Filter>Source Files</Filter>
    </ClInclude>
    <ClInclude Include="..\src\lprintf.h">
      <Filter>Source Files</Filter>
    </ClInclude>
    <ClInclude Include="..\src\m_argv.h">
      <Filter>Source Files</Filter>
    </ClInclude>
    <ClInclude Include="..\src\m_bbox.h">
      <Filter>Source Files</Filter>
    </ClInclude>
    <ClInclude Include="..\src\m_cheat.h">
      <Filter>Source Files</Filter>
    </ClInclude>
    <ClInclude Include="..\src\m_fixed.h">
      <Filter>Source Files</Filter>
    </ClInclude>
    <ClInclude Include="..\src\m_menu.h">
      <Filter>Source Files</Filter>
    </ClInclude>
    <ClInclude Include="..\src\m_misc.h">
      <Filter>Source Files</Filter>
    </ClInclude>
    <ClInclude Include="..\src\m_random.h">
      <Filter>Source Files</Filter>
    </ClInclude>
    <ClInclude Include="..\src\m_swap.h">
      <Filter>Source Files</Filter>
    </ClInclude>
    <ClInclude Include="..\src\md5.h">
      <Filter>Source Files</Filter>
    </ClInclude>
    <ClInclude Include="..\src\memio.h">
      <Filter>Source Files</Filter>
    </ClInclude>
    <ClInclude Include="..\src\mus2mid.h">
      <Filter>Source Files</Filter>
    </ClInclude>
    <ClInclude Include="..\src\p_checksum.h">
      <Filter>Source Files</Filter>
    </ClInclude>
    <ClInclude Include="..\src\p_enemy.h">
      <Filter>Source Files</Filter>
    </ClInclude>
    <ClInclude Include="..\src\p_inter.h">
      <Filter>Source Files</Filter>
    </ClInclude>
    <ClInclude Include="..\src\p_map.h">
      <Filter>Source Files</Filter>
    </ClInclude>
    <ClInclude Include="..\src\p_maputl.h">
      <Filter>Source Files</Filter>
    </ClInclude>
    <ClInclude Include="..\src\p_mobj.h">
      <Filter>Source Files</Filter>
    </ClInclude>
    <ClInclude Include="..\src\p_pspr.h">
      <Filter>Source Files</Filter>
    </ClInclude>
    <ClInclude Include="..\src\p_saveg.h">
      <Filter>Source Files</Filter>
    </ClInclude>
    <ClInclude Include="..\src\p_setup.h">
      <Filter>Source Files</Filter>
    </ClInclude>
    <ClInclude Include="..\src\p_spec.h">
      <Filter>Source Files</Filter>
    </ClInclude>
    <ClInclude Include="..\src\p_tick.h">
      <Filter>Source Files</Filter>
    </ClInclude>
    <ClInclude Include="..\src\p_user.h">
      <Filter>Source Files</Filter>
    </ClInclude>
    <ClInclude Include="..\src\qsort.h">
      <Filter>Source Files</Filter>
    </ClInclude>
    <ClInclude Include="..\src\r_bsp.h">
      <Filter>Source Files</Filter>
    </ClInclude>
    <ClInclude Include="..\src\r_data.h">
      <Filter>Source Files</Filter>
    </ClInclude>
    <ClInclude Include="..\src\r_defs.h">
      <Filter>Source Files</Filter>
    </ClInclude>
    <ClInclude Include="..\src\r_demo.h">
      <Filter>Source Files</Filter>
    </ClInclude>
    <ClInclude Include="..\src\r_draw.h">
      <Filter>Source Files</Filter>
    </ClInclude>
    <ClInclude Include="..\src\r_filter.h">
      <Filter>Source Files</Filter>
    </ClInclude>
    <ClInclude Include="..\src\r_fps.h">
      <Filter>Source Files</Filter>
    </ClInclude>
    <ClInclude Include="..\src\r_main.h">
      <Filter>Source Files</Filter>
    </ClInclude>
    <ClInclude Include="..\src\r_patch.h">
      <Filter>Source Files</Filter>
    </ClInclude>
    <ClInclude Include="..\src\r_plane.h">
      <Filter>Source Files</Filter>
    </ClInclude>
    <ClInclude Include="..\src\r_segs.h">
      <Filter>Source Files</Filter>
    </ClInclude>
    <ClInclude Include="..\src\r_sky.h">
      <Filter>Source Files</Filter>
    </ClInclude>
    <ClInclude Include="..\src\r_state.h">
      <Filter>Source Files</Filter>
    </ClInclude>
    <ClInclude Include="..\src\r_things.h">
      <Filter>Source Files</Filter>
    </ClInclude>
    <ClInclude Include="..\src\s_advsound.h">
      <Filter>Source Files</Filter>
    </ClInclude>
    <ClInclude Include="..\src\s_sound.h">
      <Filter>Source Files</Filter>
    </ClInclude>
    <ClInclude Include="..\src\sc_man.h">
      <Filter>Source Files</Filter>
    </ClInclude>
    <ClInclude Include="..\src\sounds.h">
      <Filter>Source Files</Filter>
    </ClInclude>
    <ClInclude Include="..\src\st_lib.h">
      <Filter>Source Files</Filter>
    </ClInclude>
    <ClInclude Include="..\src\st_stuff.h">
      <Filter>Source Files</Filter>
    </ClInclude>
    <ClInclude Include="..\src\tables.h">
      <Filter>Source Files</Filter>
    </ClInclude>
    <ClInclude Include="..\src\v_video.h">
      <Filter>Source Files</Filter>
    </ClInclude>
    <ClInclude Include="..\src\version.h">
      <Filter>Source Files</Filter>
    </ClInclude>
    <ClInclude Include="..\src\w_wad.h">
      <Filter>Source Files</Filter>
    </ClInclude>
    <ClInclude Include="..\src\wi_stuff.h">
      <Filter>Source Files</Filter>
    </ClInclude>
    <ClInclude Include="..\src\z_bmalloc.h">
      <Filter>Source Files</Filter>
    </ClInclude>
    <ClInclude Include="..\src\z_zone.h">
      <Filter>Source Files</Filter>
    </ClInclude>
    <ClInclude Include="..\Icons\resource.h">
      <Filter>Resource Files</Filter>
    </ClInclude>
    <ClInclude Include="..\src\pcsound\pcsound.h">
      <Filter>PCSound Source Files</Filter>
    </ClInclude>
    <ClInclude Include="..\src\protocol.h">
      <Filter>PCSound Source Files</Filter>
    </ClInclude>
    <ClInclude Include="..\src\TEXTSCREEN\doomkeys.h">
      <Filter>TextScreen Source Files</Filter>
    </ClInclude>
    <ClInclude Include="..\src\TEXTSCREEN\txt_font.h">
      <Filter>TextScreen Source Files</Filter>
    </ClInclude>
    <ClInclude Include="..\src\TEXTSCREEN\txt_largefont.h">
      <Filter>TextScreen Source Files</Filter>
    </ClInclude>
    <ClInclude Include="..\src\TEXTSCREEN\txt_main.h">
      <Filter>TextScreen Source Files</Filter>
    </ClInclude>
    <ClInclude Include="..\src\TEXTSCREEN\txt_sdl.h">
      <Filter>TextScreen Source Files</Filter>
    </ClInclude>
    <ClInclude Include="..\src\TEXTSCREEN\txt_smallfont.h">
      <Filter>TextScreen Source Files</Filter>
    </ClInclude>
    <ClInclude Include="..\src\MUSIC\dbopl.h">
      <Filter>Music</Filter>
    </ClInclude>
    <ClInclude Include="..\src\MUSIC\dumbplayer.h">
      <Filter>Music</Filter>
    </ClInclude>
    <ClInclude Include="..\src\MUSIC\flplayer.h">
      <Filter>Music</Filter>
    </ClInclude>
    <ClInclude Include="..\src\MUSIC\madplayer.h">
      <Filter>Music</Filter>
    </ClInclude>
    <ClInclude Include="..\src\MUSIC\midifile.h">
      <Filter>Music</Filter>
    </ClInclude>
    <ClInclude Include="..\src\MUSIC\musicplayer.h">
      <Filter>Music</Filter>
    </ClInclude>
    <ClInclude Include="..\src\MUSIC\opl.h">
      <Filter>Music</Filter>
    </ClInclude>
    <ClInclude Include="..\src\MUSIC\opl_queue.h">
      <Filter>Music</Filter>
    </ClInclude>
    <ClInclude Include="..\src\MUSIC\oplplayer.h">
      <Filter>Music</Filter>
    </ClInclude>
    <ClInclude Include="..\src\MUSIC\portmidiplayer.h">
      <Filter>Music</Filter>
    </ClInclude>
    <ClInclude Include="..\src\MUSIC\vorbisplayer.h">
      <Filter>Music</Filter>
    </ClInclude>
  </ItemGroup>
  <ItemGroup>
    <None Include="..\src\r_drawcolumn.inl">
      <Filter>Source Files</Filter>
    </None>
    <None Include="..\src\r_drawspan.inl">
      <Filter>Source Files</Filter>
    </None>
    <None Include="VTune\Doom.vpj" />
  </ItemGroup>
  <ItemGroup>
    <Image Include="..\Icons\barrel.ico">
      <Filter>Resource Files</Filter>
    </Image>
    <Image Include="..\Icons\fouch.ico">
      <Filter>Resource Files</Filter>
    </Image>
    <Image Include="..\Icons\god.ico">
      <Filter>Resource Files</Filter>
    </Image>
    <Image Include="..\Icons\heada1.ico">
      <Filter>Resource Files</Filter>
    </Image>
    <Image Include="..\ICONS\prboom-plus.ico">
      <Filter>Resource Files</Filter>
    </Image>
    <Image Include="..\Icons\skull.ico">
      <Filter>Resource Files</Filter>
    </Image>
  </ItemGroup>
  <ItemGroup>
    <ResourceCompile Include="..\Icons\icons.rc">
      <Filter>Resource Files</Filter>
    </ResourceCompile>
  </ItemGroup>
  <ItemGroup>
    <Manifest Include="..\ICONS\prboom-plus.exe.manifest">
      <Filter>Resource Files</Filter>
    </Manifest>
  </ItemGroup>
  <ItemGroup>
    <CustomBuild Include="..\src\f_wipe.h">
      <Filter>Source Files</Filter>
    </CustomBuild>
    <CustomBuild Include="..\src\gl_intern.h">
      <Filter>OpenGL Source Files</Filter>
    </CustomBuild>
    <CustomBuild Include="..\src\gl_opengl.h">
      <Filter>OpenGL Source Files</Filter>
    </CustomBuild>
    <CustomBuild Include="..\src\gl_struct.h">
      <Filter>OpenGL Source Files</Filter>
    </CustomBuild>
  </ItemGroup>
</Project>