<?xml version="1.0" encoding="utf-8"?>
<Project ToolsVersion="4.0" xmlns="http://schemas.microsoft.com/developer/msbuild/2003">
  <ItemGroup>
    <Filter Include="Source Files">
      <UniqueIdentifier>{08bec2c0-7378-40d7-ae0a-b1607272a5b4}</UniqueIdentifier>
      <Extensions>cpp;c;cxx;rc;def;r;odl;idl;hpj;bat</Extensions>
    </Filter>
  </ItemGroup>
  <ItemGroup>
    <ClInclude Include="config.h">
      <Filter>Source Files</Filter>
    </ClInclude>
    <ClInclude Include="..\src\d_ticcmd.h">
      <Filter>Source Files</Filter>
    </ClInclude>
    <ClInclude Include="..\src\doomdef.h">
      <Filter>Source Files</Filter>
    </ClInclude>
    <ClInclude Include="..\src\doomtype.h">
      <Filter>Source Files</Filter>
    </ClInclude>
    <ClInclude Include="..\src\i_network.h">
      <Filter>Source Files</Filter>
    </ClInclude>
    <ClInclude Include="..\src\i_system.h">
      <Filter>Source Files</Filter>
    </ClInclude>
    <ClInclude Include="..\src\lprintf.h">
      <Filter>Source Files</Filter>
    </ClInclude>
    <ClInclude Include="..\src\m_swap.h">
      <Filter>Source Files</Filter>
    </ClInclude>
    <ClInclude Include="..\src\protocol.h">
      <Filter>Source Files</Filter>
    </ClInclude>
  </ItemGroup>
  <ItemGroup>
    <ClCompile Include="..\src\d_server.c">
      <Filter>Source Files</Filter>
    </ClCompile>
    <ClCompile Include="..\src\SDL\i_network.c">
      <Filter>Source Files</Filter>
    </ClCompile>
    <ClCompile Include="..\src\SDL\i_system.c">
      <Filter>Source Files</Filter>
    </ClCompile>
    <ClCompile Include="..\src\SDL\SDL_windows_main.c">
      <Filter>Source Files</Filter>
    </ClCompile>
  </ItemGroup>
</Project>