
Microsoft Visual Studio Solution File, Format Version 10.00
# Visual Studio 2008
Project("{27CC2871-25BF-4fc4-B135-3D02EE1B9789}") = "dftables", "dftables.vcproj", "{A3661306-0125-47fb-AC90-C8B6C84EAD22}"
EndProject
Project("{27CC2871-25BF-4fc4-B135-3D02EE1B9789}") = "pcre", "pcre.vcproj", "{23775B3F-81C8-4595-B53A-4DA8F350B6D5}"
EndProject
Project("{27CC2871-25BF-4fc4-B135-3D02EE1B9789}") = "pcreposix", "pcreposix.vcproj", "{70C8ED6C-FF89-4921-AF1C-32A0746ACCE2}"
EndProject
Global
	GlobalSection(SolutionConfigurationPlatforms) = preSolution
		Debug|Win32 = Debug|Win32
		Release|Win32 = Release|Win32
	EndGlobalSection
	GlobalSection(ProjectConfigurationPlatforms) = postSolution
		{A3661306-0125-47fb-AC90-C8B6C84EAD22}.Debug|Win32.ActiveCfg = Debug|Win32
		{A3661306-0125-47fb-AC90-C8B6C84EAD22}.Debug|Win32.Build.0 = Debug|Win32
		{A3661306-0125-47fb-AC90-C8B6C84EAD22}.Release|Win32.ActiveCfg = Release|Win32
		{A3661306-0125-47fb-AC90-C8B6C84EAD22}.Release|Win32.Build.0 = Release|Win32
		{23775B3F-81C8-4595-B53A-4DA8F350B6D5}.Debug|Win32.ActiveCfg = Debug|Win32
		{23775B3F-81C8-4595-B53A-4DA8F350B6D5}.Debug|Win32.Build.0 = Debug|Win32
		{23775B3F-81C8-4595-B53A-4DA8F350B6D5}.Release|Win32.ActiveCfg = Release|Win32
		{23775B3F-81C8-4595-B53A-4DA8F350B6D5}.Release|Win32.Build.0 = Release|Win32
		{70C8ED6C-FF89-4921-AF1C-32A0746ACCE2}.Debug|Win32.ActiveCfg = Debug|Win32
		{70C8ED6C-FF89-4921-AF1C-32A0746ACCE2}.Debug|Win32.Build.0 = Debug|Win32
		{70C8ED6C-FF89-4921-AF1C-32A0746ACCE2}.Release|Win32.ActiveCfg = Release|Win32
		{70C8ED6C-FF89-4921-AF1C-32A0746ACCE2}.Release|Win32.Build.0 = Release|Win32
	EndGlobalSection
	GlobalSection(SolutionProperties) = preSolution
		HideSolutionNode = FALSE
	EndGlobalSection
EndGlobal
